// !$*UTF8*$!
{
	archiveVersion = 1;
	classes = {
	};
	objectVersion = 56;
	objects = {

/* Begin PBXBuildFile section */
		8E1D1D0393ECDBF2BA54787A /* Pods_iOSTraining_Login.framework in Frameworks */ = {isa = PBXBuildFile; fileRef = 5B023ECC317443140216ACDA /* Pods_iOSTraining_Login.framework */; };
		A5FCFF71B64A116D40D84041 /* Pods_iOSTraining_LoginTests.framework in Frameworks */ = {isa = PBXBuildFile; fileRef = 4D5F2F05A8D0371842335975 /* Pods_iOSTraining_LoginTests.framework */; };
		DCEA87E4688D37F387372964 /* Pods_iOSTraining_Login_iOSTraining_LoginUITests.framework in Frameworks */ = {isa = PBXBuildFile; fileRef = 7F6C306ED10F5BCCE4C01852 /* Pods_iOSTraining_Login_iOSTraining_LoginUITests.framework */; };
		F80DBC612C4CA8AB007AD28A /* VideoListViewController.xib in Resources */ = {isa = PBXBuildFile; fileRef = F80DBC602C4CA8AB007AD28A /* VideoListViewController.xib */; };
		F80DBC622C4CA8AB007AD28A /* VideoListViewController.swift in Sources */ = {isa = PBXBuildFile; fileRef = F80DBC5F2C4CA8AB007AD28A /* VideoListViewController.swift */; };
		F80DBC662C4CA8D0007AD28A /* VideoList.xib in Resources */ = {isa = PBXBuildFile; fileRef = F80DBC652C4CA8D0007AD28A /* VideoList.xib */; };
		F80DBC672C4CA8D0007AD28A /* VideoList.swift in Sources */ = {isa = PBXBuildFile; fileRef = F80DBC642C4CA8D0007AD28A /* VideoList.swift */; };
		F80DBC6B2C4CDA23007AD28A /* VideoUpdateViewController.xib in Resources */ = {isa = PBXBuildFile; fileRef = F80DBC6A2C4CDA23007AD28A /* VideoUpdateViewController.xib */; };
		F80DBC6C2C4CDA23007AD28A /* VideoUpdateViewController.swift in Sources */ = {isa = PBXBuildFile; fileRef = F80DBC692C4CDA23007AD28A /* VideoUpdateViewController.swift */; };
		F81959EF2C44D1FF0056A3B2 /* AppDelegate.swift in Sources */ = {isa = PBXBuildFile; fileRef = F81959EE2C44D1FF0056A3B2 /* AppDelegate.swift */; };
		F81959F12C44D1FF0056A3B2 /* SceneDelegate.swift in Sources */ = {isa = PBXBuildFile; fileRef = F81959F02C44D1FF0056A3B2 /* SceneDelegate.swift */; };
		F81959F62C44D1FF0056A3B2 /* Base in Resources */ = {isa = PBXBuildFile; fileRef = F81959F52C44D1FF0056A3B2 /* Base */; };
		F81959F82C44D2010056A3B2 /* Assets.xcassets in Resources */ = {isa = PBXBuildFile; fileRef = F81959F72C44D2010056A3B2 /* Assets.xcassets */; };
		F81959FB2C44D2010056A3B2 /* Base in Resources */ = {isa = PBXBuildFile; fileRef = F81959FA2C44D2010056A3B2 /* Base */; };
		F8195A062C44D2020056A3B2 /* iOSTraining_LoginTests.swift in Sources */ = {isa = PBXBuildFile; fileRef = F8195A052C44D2020056A3B2 /* iOSTraining_LoginTests.swift */; };
		F8195A102C44D2020056A3B2 /* iOSTraining_LoginUITests.swift in Sources */ = {isa = PBXBuildFile; fileRef = F8195A0F2C44D2020056A3B2 /* iOSTraining_LoginUITests.swift */; };
		F8195A122C44D2020056A3B2 /* iOSTraining_LoginUITestsLaunchTests.swift in Sources */ = {isa = PBXBuildFile; fileRef = F8195A112C44D2020056A3B2 /* iOSTraining_LoginUITestsLaunchTests.swift */; };
		F8195A2B2C4520980056A3B2 /* SecondViewController.swift in Sources */ = {isa = PBXBuildFile; fileRef = F8195A2A2C4520980056A3B2 /* SecondViewController.swift */; };
		F8195A6A2C4609AD0056A3B2 /* TeacherListViewController.swift in Sources */ = {isa = PBXBuildFile; fileRef = F8195A682C4609AD0056A3B2 /* TeacherListViewController.swift */; };
		F8195A6B2C4609AD0056A3B2 /* TeacherListViewController.xib in Resources */ = {isa = PBXBuildFile; fileRef = F8195A692C4609AD0056A3B2 /* TeacherListViewController.xib */; };
		F8195A6D2C460B310056A3B2 /* SignInViewController.swift in Sources */ = {isa = PBXBuildFile; fileRef = F8195A6C2C460B310056A3B2 /* SignInViewController.swift */; };
		F87C8C192C49FE7C00AD883F /* APIHelper.swift in Sources */ = {isa = PBXBuildFile; fileRef = F87C8C182C49FE7C00AD883F /* APIHelper.swift */; };
		F87C8C212C4A046900AD883F /* ProductsViewModel.swift in Sources */ = {isa = PBXBuildFile; fileRef = F87C8C202C4A046900AD883F /* ProductsViewModel.swift */; };
		F87C8C252C4A06E700AD883F /* ProductsViewController.xib in Resources */ = {isa = PBXBuildFile; fileRef = F87C8C242C4A06E700AD883F /* ProductsViewController.xib */; };
		F87C8C272C4A06EF00AD883F /* ProductsViewController.swift in Sources */ = {isa = PBXBuildFile; fileRef = F87C8C262C4A06EF00AD883F /* ProductsViewController.swift */; };
		F8BB56B12C46139E0008DACA /* TeacherCell.xib in Resources */ = {isa = PBXBuildFile; fileRef = F8BB56B02C46139E0008DACA /* TeacherCell.xib */; };
		F8BB56B22C46139E0008DACA /* TeacherCell.swift in Sources */ = {isa = PBXBuildFile; fileRef = F8BB56AF2C46139E0008DACA /* TeacherCell.swift */; };
		F8BB56B92C465FDD0008DACA /* TeacherDetailsViewController.xib in Resources */ = {isa = PBXBuildFile; fileRef = F8BB56B82C465FDD0008DACA /* TeacherDetailsViewController.xib */; };
		F8BB56BA2C465FDD0008DACA /* TeacherDetailsViewController.swift in Sources */ = {isa = PBXBuildFile; fileRef = F8BB56B72C465FDD0008DACA /* TeacherDetailsViewController.swift */; };
		F8BB56BD2C466E3C0008DACA /* pfp.png in Resources */ = {isa = PBXBuildFile; fileRef = F8BB56BC2C466E3C0008DACA /* pfp.png */; };
		F8BB56C22C4670370008DACA /* jane.png in Resources */ = {isa = PBXBuildFile; fileRef = F8BB56BE2C4670370008DACA /* jane.png */; };
		F8BB56C32C4670370008DACA /* depp.png in Resources */ = {isa = PBXBuildFile; fileRef = F8BB56BF2C4670370008DACA /* depp.png */; };
		F8BB56C42C4670370008DACA /* angelina.png in Resources */ = {isa = PBXBuildFile; fileRef = F8BB56C02C4670370008DACA /* angelina.png */; };
		F8BB56C52C4670370008DACA /* penny.png in Resources */ = {isa = PBXBuildFile; fileRef = F8BB56C12C4670370008DACA /* penny.png */; };
		F8BB56C72C46706C0008DACA /* john.png in Resources */ = {isa = PBXBuildFile; fileRef = F8BB56C62C46706C0008DACA /* john.png */; };
		F8BB56D22C4759E60008DACA /* ProductCell.xib in Resources */ = {isa = PBXBuildFile; fileRef = F8BB56D12C4759E60008DACA /* ProductCell.xib */; };
		F8BB56D32C4759E60008DACA /* ProductCell.swift in Sources */ = {isa = PBXBuildFile; fileRef = F8BB56D02C4759E60008DACA /* ProductCell.swift */; };
		F8BB56D52C4761730008DACA /* jake.png in Resources */ = {isa = PBXBuildFile; fileRef = F8BB56D42C4761730008DACA /* jake.png */; };
		F8BB56D72C47617F0008DACA /* iceking.png in Resources */ = {isa = PBXBuildFile; fileRef = F8BB56D62C47617F0008DACA /* iceking.png */; };
		F8BB56DA2C479E820008DACA /* ProductDetailsViewController.xib in Resources */ = {isa = PBXBuildFile; fileRef = F8BB56D92C479E820008DACA /* ProductDetailsViewController.xib */; };
		F8BB56DB2C479E820008DACA /* ProductDetailsViewController.swift in Sources */ = {isa = PBXBuildFile; fileRef = F8BB56D82C479E820008DACA /* ProductDetailsViewController.swift */; };
		F8BB56DF2C48AA570008DACA /* CustomTabBarController.swift in Sources */ = {isa = PBXBuildFile; fileRef = F8BB56DC2C48AA570008DACA /* CustomTabBarController.swift */; };
		F8BB56E22C48AAB30008DACA /* SettingsViewController.xib in Resources */ = {isa = PBXBuildFile; fileRef = F8BB56E12C48AAB20008DACA /* SettingsViewController.xib */; };
		F8BB56E32C48AAB30008DACA /* SettingsViewController.swift in Sources */ = {isa = PBXBuildFile; fileRef = F8BB56E02C48AAB20008DACA /* SettingsViewController.swift */; };
		F8BB56E82C48C2610008DACA /* login-photo.jpg in Resources */ = {isa = PBXBuildFile; fileRef = F8BB56E72C48C2610008DACA /* login-photo.jpg */; };
		F8BB56EA2C48D7DD0008DACA /* newspaper.jpg in Resources */ = {isa = PBXBuildFile; fileRef = F8BB56E92C48D7DD0008DACA /* newspaper.jpg */; };
		F8BB56ED2C48F5470008DACA /* SettingsTableViewCell.xib in Resources */ = {isa = PBXBuildFile; fileRef = F8BB56EC2C48F5470008DACA /* SettingsTableViewCell.xib */; };
		F8BB56EE2C48F5470008DACA /* SettingsTableViewCell.swift in Sources */ = {isa = PBXBuildFile; fileRef = F8BB56EB2C48F5470008DACA /* SettingsTableViewCell.swift */; };
/* End PBXBuildFile section */

/* Begin PBXContainerItemProxy section */
		F8195A022C44D2020056A3B2 /* PBXContainerItemProxy */ = {
			isa = PBXContainerItemProxy;
			containerPortal = F81959E32C44D1FF0056A3B2 /* Project object */;
			proxyType = 1;
			remoteGlobalIDString = F81959EA2C44D1FF0056A3B2;
			remoteInfo = iOSTraining_Login;
		};
		F8195A0C2C44D2020056A3B2 /* PBXContainerItemProxy */ = {
			isa = PBXContainerItemProxy;
			containerPortal = F81959E32C44D1FF0056A3B2 /* Project object */;
			proxyType = 1;
			remoteGlobalIDString = F81959EA2C44D1FF0056A3B2;
			remoteInfo = iOSTraining_Login;
		};
/* End PBXContainerItemProxy section */

/* Begin PBXFileReference section */
		42D4E409764405992E4F84DB /* Pods-iOSTraining_Login-iOSTraining_LoginUITests.release.xcconfig */ = {isa = PBXFileReference; includeInIndex = 1; lastKnownFileType = text.xcconfig; name = "Pods-iOSTraining_Login-iOSTraining_LoginUITests.release.xcconfig"; path = "Target Support Files/Pods-iOSTraining_Login-iOSTraining_LoginUITests/Pods-iOSTraining_Login-iOSTraining_LoginUITests.release.xcconfig"; sourceTree = "<group>"; };
		4D5F2F05A8D0371842335975 /* Pods_iOSTraining_LoginTests.framework */ = {isa = PBXFileReference; explicitFileType = wrapper.framework; includeInIndex = 0; path = Pods_iOSTraining_LoginTests.framework; sourceTree = BUILT_PRODUCTS_DIR; };
		5B023ECC317443140216ACDA /* Pods_iOSTraining_Login.framework */ = {isa = PBXFileReference; explicitFileType = wrapper.framework; includeInIndex = 0; path = Pods_iOSTraining_Login.framework; sourceTree = BUILT_PRODUCTS_DIR; };
		7F6C306ED10F5BCCE4C01852 /* Pods_iOSTraining_Login_iOSTraining_LoginUITests.framework */ = {isa = PBXFileReference; explicitFileType = wrapper.framework; includeInIndex = 0; path = Pods_iOSTraining_Login_iOSTraining_LoginUITests.framework; sourceTree = BUILT_PRODUCTS_DIR; };
		C4D1B40A5CF4022BA8FC59AC /* Pods-iOSTraining_Login.release.xcconfig */ = {isa = PBXFileReference; includeInIndex = 1; lastKnownFileType = text.xcconfig; name = "Pods-iOSTraining_Login.release.xcconfig"; path = "Target Support Files/Pods-iOSTraining_Login/Pods-iOSTraining_Login.release.xcconfig"; sourceTree = "<group>"; };
		D597B563A2E0166DA25C9C40 /* Pods-iOSTraining_Login-iOSTraining_LoginUITests.debug.xcconfig */ = {isa = PBXFileReference; includeInIndex = 1; lastKnownFileType = text.xcconfig; name = "Pods-iOSTraining_Login-iOSTraining_LoginUITests.debug.xcconfig"; path = "Target Support Files/Pods-iOSTraining_Login-iOSTraining_LoginUITests/Pods-iOSTraining_Login-iOSTraining_LoginUITests.debug.xcconfig"; sourceTree = "<group>"; };
		D860F5294676CFB49A267E2A /* Pods-iOSTraining_LoginTests.release.xcconfig */ = {isa = PBXFileReference; includeInIndex = 1; lastKnownFileType = text.xcconfig; name = "Pods-iOSTraining_LoginTests.release.xcconfig"; path = "Target Support Files/Pods-iOSTraining_LoginTests/Pods-iOSTraining_LoginTests.release.xcconfig"; sourceTree = "<group>"; };
		EB321BAD631055EF14C73502 /* Pods-iOSTraining_LoginTests.debug.xcconfig */ = {isa = PBXFileReference; includeInIndex = 1; lastKnownFileType = text.xcconfig; name = "Pods-iOSTraining_LoginTests.debug.xcconfig"; path = "Target Support Files/Pods-iOSTraining_LoginTests/Pods-iOSTraining_LoginTests.debug.xcconfig"; sourceTree = "<group>"; };
		F80DBC5F2C4CA8AB007AD28A /* VideoListViewController.swift */ = {isa = PBXFileReference; lastKnownFileType = sourcecode.swift; path = VideoListViewController.swift; sourceTree = "<group>"; };
		F80DBC602C4CA8AB007AD28A /* VideoListViewController.xib */ = {isa = PBXFileReference; lastKnownFileType = file.xib; path = VideoListViewController.xib; sourceTree = "<group>"; };
		F80DBC642C4CA8D0007AD28A /* VideoList.swift */ = {isa = PBXFileReference; lastKnownFileType = sourcecode.swift; path = VideoList.swift; sourceTree = "<group>"; };
		F80DBC652C4CA8D0007AD28A /* VideoList.xib */ = {isa = PBXFileReference; lastKnownFileType = file.xib; path = VideoList.xib; sourceTree = "<group>"; };
		F80DBC692C4CDA23007AD28A /* VideoUpdateViewController.swift */ = {isa = PBXFileReference; lastKnownFileType = sourcecode.swift; path = VideoUpdateViewController.swift; sourceTree = "<group>"; };
		F80DBC6A2C4CDA23007AD28A /* VideoUpdateViewController.xib */ = {isa = PBXFileReference; lastKnownFileType = file.xib; path = VideoUpdateViewController.xib; sourceTree = "<group>"; };
		F81959EB2C44D1FF0056A3B2 /* iOSTraining_Login.app */ = {isa = PBXFileReference; explicitFileType = wrapper.application; includeInIndex = 0; path = iOSTraining_Login.app; sourceTree = BUILT_PRODUCTS_DIR; };
		F81959EE2C44D1FF0056A3B2 /* AppDelegate.swift */ = {isa = PBXFileReference; lastKnownFileType = sourcecode.swift; path = AppDelegate.swift; sourceTree = "<group>"; };
		F81959F02C44D1FF0056A3B2 /* SceneDelegate.swift */ = {isa = PBXFileReference; lastKnownFileType = sourcecode.swift; path = SceneDelegate.swift; sourceTree = "<group>"; };
		F81959F52C44D1FF0056A3B2 /* Base */ = {isa = PBXFileReference; lastKnownFileType = file.storyboard; name = Base; path = Base.lproj/Main.storyboard; sourceTree = "<group>"; };
		F81959F72C44D2010056A3B2 /* Assets.xcassets */ = {isa = PBXFileReference; lastKnownFileType = folder.assetcatalog; path = Assets.xcassets; sourceTree = "<group>"; };
		F81959FA2C44D2010056A3B2 /* Base */ = {isa = PBXFileReference; lastKnownFileType = file.storyboard; name = Base; path = Base.lproj/LaunchScreen.storyboard; sourceTree = "<group>"; };
		F81959FC2C44D2010056A3B2 /* Info.plist */ = {isa = PBXFileReference; lastKnownFileType = text.plist.xml; path = Info.plist; sourceTree = "<group>"; };
		F8195A012C44D2020056A3B2 /* iOSTraining_LoginTests.xctest */ = {isa = PBXFileReference; explicitFileType = wrapper.cfbundle; includeInIndex = 0; path = iOSTraining_LoginTests.xctest; sourceTree = BUILT_PRODUCTS_DIR; };
		F8195A052C44D2020056A3B2 /* iOSTraining_LoginTests.swift */ = {isa = PBXFileReference; lastKnownFileType = sourcecode.swift; path = iOSTraining_LoginTests.swift; sourceTree = "<group>"; };
		F8195A0B2C44D2020056A3B2 /* iOSTraining_LoginUITests.xctest */ = {isa = PBXFileReference; explicitFileType = wrapper.cfbundle; includeInIndex = 0; path = iOSTraining_LoginUITests.xctest; sourceTree = BUILT_PRODUCTS_DIR; };
		F8195A0F2C44D2020056A3B2 /* iOSTraining_LoginUITests.swift */ = {isa = PBXFileReference; lastKnownFileType = sourcecode.swift; path = iOSTraining_LoginUITests.swift; sourceTree = "<group>"; };
		F8195A112C44D2020056A3B2 /* iOSTraining_LoginUITestsLaunchTests.swift */ = {isa = PBXFileReference; lastKnownFileType = sourcecode.swift; path = iOSTraining_LoginUITestsLaunchTests.swift; sourceTree = "<group>"; };
		F8195A252C44EF490056A3B2 /* b976dd5cb325d8d0108bf8ec73efa0b0.jpg */ = {isa = PBXFileReference; lastKnownFileType = image.jpeg; path = b976dd5cb325d8d0108bf8ec73efa0b0.jpg; sourceTree = "<group>"; };
		F8195A2A2C4520980056A3B2 /* SecondViewController.swift */ = {isa = PBXFileReference; lastKnownFileType = sourcecode.swift; path = SecondViewController.swift; sourceTree = "<group>"; };
		F8195A682C4609AD0056A3B2 /* TeacherListViewController.swift */ = {isa = PBXFileReference; lastKnownFileType = sourcecode.swift; path = TeacherListViewController.swift; sourceTree = "<group>"; };
		F8195A692C4609AD0056A3B2 /* TeacherListViewController.xib */ = {isa = PBXFileReference; lastKnownFileType = file.xib; path = TeacherListViewController.xib; sourceTree = "<group>"; };
		F8195A6C2C460B310056A3B2 /* SignInViewController.swift */ = {isa = PBXFileReference; lastKnownFileType = sourcecode.swift; path = SignInViewController.swift; sourceTree = "<group>"; };
		F87C8C182C49FE7C00AD883F /* APIHelper.swift */ = {isa = PBXFileReference; fileEncoding = 4; lastKnownFileType = sourcecode.swift; name = APIHelper.swift; path = ../../../../Downloads/APIHelper.swift; sourceTree = "<group>"; };
		F87C8C202C4A046900AD883F /* ProductsViewModel.swift */ = {isa = PBXFileReference; fileEncoding = 4; lastKnownFileType = sourcecode.swift; name = ProductsViewModel.swift; path = ../../../../Downloads/ProductsViewModel.swift; sourceTree = "<group>"; };
		F87C8C242C4A06E700AD883F /* ProductsViewController.xib */ = {isa = PBXFileReference; fileEncoding = 4; lastKnownFileType = file.xib; name = ProductsViewController.xib; path = ../../../../.Trash/ProductsViewController.xib; sourceTree = "<group>"; };
		F87C8C262C4A06EF00AD883F /* ProductsViewController.swift */ = {isa = PBXFileReference; fileEncoding = 4; lastKnownFileType = sourcecode.swift; name = ProductsViewController.swift; path = ../../../../.Trash/ProductsViewController.swift; sourceTree = "<group>"; };
		F8BB56AF2C46139E0008DACA /* TeacherCell.swift */ = {isa = PBXFileReference; lastKnownFileType = sourcecode.swift; path = TeacherCell.swift; sourceTree = "<group>"; };
		F8BB56B02C46139E0008DACA /* TeacherCell.xib */ = {isa = PBXFileReference; lastKnownFileType = file.xib; path = TeacherCell.xib; sourceTree = "<group>"; };
		F8BB56B72C465FDD0008DACA /* TeacherDetailsViewController.swift */ = {isa = PBXFileReference; lastKnownFileType = sourcecode.swift; path = TeacherDetailsViewController.swift; sourceTree = "<group>"; };
		F8BB56B82C465FDD0008DACA /* TeacherDetailsViewController.xib */ = {isa = PBXFileReference; lastKnownFileType = file.xib; path = TeacherDetailsViewController.xib; sourceTree = "<group>"; };
		F8BB56BB2C466D760008DACA /* fox.webp */ = {isa = PBXFileReference; lastKnownFileType = file; name = fox.webp; path = ../../../fox.webp; sourceTree = "<group>"; };
		F8BB56BC2C466E3C0008DACA /* pfp.png */ = {isa = PBXFileReference; lastKnownFileType = image.png; name = pfp.png; path = ../../../pfp.png; sourceTree = "<group>"; };
		F8BB56BE2C4670370008DACA /* jane.png */ = {isa = PBXFileReference; lastKnownFileType = image.png; name = jane.png; path = ../../../jane.png; sourceTree = "<group>"; };
		F8BB56BF2C4670370008DACA /* depp.png */ = {isa = PBXFileReference; lastKnownFileType = image.png; name = depp.png; path = ../../../depp.png; sourceTree = "<group>"; };
		F8BB56C02C4670370008DACA /* angelina.png */ = {isa = PBXFileReference; lastKnownFileType = image.png; name = angelina.png; path = ../../../angelina.png; sourceTree = "<group>"; };
		F8BB56C12C4670370008DACA /* penny.png */ = {isa = PBXFileReference; lastKnownFileType = image.png; name = penny.png; path = ../../../penny.png; sourceTree = "<group>"; };
		F8BB56C62C46706C0008DACA /* john.png */ = {isa = PBXFileReference; lastKnownFileType = image.png; name = john.png; path = ../../../john.png; sourceTree = "<group>"; };
		F8BB56D02C4759E60008DACA /* ProductCell.swift */ = {isa = PBXFileReference; lastKnownFileType = sourcecode.swift; path = ProductCell.swift; sourceTree = "<group>"; };
		F8BB56D12C4759E60008DACA /* ProductCell.xib */ = {isa = PBXFileReference; lastKnownFileType = file.xib; path = ProductCell.xib; sourceTree = "<group>"; };
		F8BB56D42C4761730008DACA /* jake.png */ = {isa = PBXFileReference; lastKnownFileType = image.png; name = jake.png; path = ../../../jake.png; sourceTree = "<group>"; };
		F8BB56D62C47617F0008DACA /* iceking.png */ = {isa = PBXFileReference; lastKnownFileType = image.png; name = iceking.png; path = ../../../iceking.png; sourceTree = "<group>"; };
		F8BB56D82C479E820008DACA /* ProductDetailsViewController.swift */ = {isa = PBXFileReference; lastKnownFileType = sourcecode.swift; path = ProductDetailsViewController.swift; sourceTree = "<group>"; };
		F8BB56D92C479E820008DACA /* ProductDetailsViewController.xib */ = {isa = PBXFileReference; lastKnownFileType = file.xib; path = ProductDetailsViewController.xib; sourceTree = "<group>"; };
		F8BB56DC2C48AA570008DACA /* CustomTabBarController.swift */ = {isa = PBXFileReference; lastKnownFileType = sourcecode.swift; path = CustomTabBarController.swift; sourceTree = "<group>"; };
		F8BB56E02C48AAB20008DACA /* SettingsViewController.swift */ = {isa = PBXFileReference; lastKnownFileType = sourcecode.swift; path = SettingsViewController.swift; sourceTree = "<group>"; };
		F8BB56E12C48AAB20008DACA /* SettingsViewController.xib */ = {isa = PBXFileReference; lastKnownFileType = file.xib; path = SettingsViewController.xib; sourceTree = "<group>"; };
		F8BB56E72C48C2610008DACA /* login-photo.jpg */ = {isa = PBXFileReference; lastKnownFileType = image.jpeg; name = "login-photo.jpg"; path = "../../../login-photo.jpg"; sourceTree = "<group>"; };
		F8BB56E92C48D7DD0008DACA /* newspaper.jpg */ = {isa = PBXFileReference; lastKnownFileType = image.jpeg; name = newspaper.jpg; path = ../../../newspaper.jpg; sourceTree = "<group>"; };
		F8BB56EB2C48F5470008DACA /* SettingsTableViewCell.swift */ = {isa = PBXFileReference; lastKnownFileType = sourcecode.swift; path = SettingsTableViewCell.swift; sourceTree = "<group>"; };
		F8BB56EC2C48F5470008DACA /* SettingsTableViewCell.xib */ = {isa = PBXFileReference; lastKnownFileType = file.xib; path = SettingsTableViewCell.xib; sourceTree = "<group>"; };
		FD62C0BD4EAE2CAE9D95700D /* Pods-iOSTraining_Login.debug.xcconfig */ = {isa = PBXFileReference; includeInIndex = 1; lastKnownFileType = text.xcconfig; name = "Pods-iOSTraining_Login.debug.xcconfig"; path = "Target Support Files/Pods-iOSTraining_Login/Pods-iOSTraining_Login.debug.xcconfig"; sourceTree = "<group>"; };
/* End PBXFileReference section */

/* Begin PBXFrameworksBuildPhase section */
		F81959E82C44D1FF0056A3B2 /* Frameworks */ = {
			isa = PBXFrameworksBuildPhase;
			buildActionMask = 2147483647;
			files = (
				8E1D1D0393ECDBF2BA54787A /* Pods_iOSTraining_Login.framework in Frameworks */,
			);
			runOnlyForDeploymentPostprocessing = 0;
		};
		F81959FE2C44D2020056A3B2 /* Frameworks */ = {
			isa = PBXFrameworksBuildPhase;
			buildActionMask = 2147483647;
			files = (
				A5FCFF71B64A116D40D84041 /* Pods_iOSTraining_LoginTests.framework in Frameworks */,
			);
			runOnlyForDeploymentPostprocessing = 0;
		};
		F8195A082C44D2020056A3B2 /* Frameworks */ = {
			isa = PBXFrameworksBuildPhase;
			buildActionMask = 2147483647;
			files = (
				DCEA87E4688D37F387372964 /* Pods_iOSTraining_Login_iOSTraining_LoginUITests.framework in Frameworks */,
			);
			runOnlyForDeploymentPostprocessing = 0;
		};
/* End PBXFrameworksBuildPhase section */

/* Begin PBXGroup section */
		12BAF133D0587F4B4201F023 /* Pods */ = {
			isa = PBXGroup;
			children = (
				FD62C0BD4EAE2CAE9D95700D /* Pods-iOSTraining_Login.debug.xcconfig */,
				C4D1B40A5CF4022BA8FC59AC /* Pods-iOSTraining_Login.release.xcconfig */,
				D597B563A2E0166DA25C9C40 /* Pods-iOSTraining_Login-iOSTraining_LoginUITests.debug.xcconfig */,
				42D4E409764405992E4F84DB /* Pods-iOSTraining_Login-iOSTraining_LoginUITests.release.xcconfig */,
				EB321BAD631055EF14C73502 /* Pods-iOSTraining_LoginTests.debug.xcconfig */,
				D860F5294676CFB49A267E2A /* Pods-iOSTraining_LoginTests.release.xcconfig */,
			);
			path = Pods;
			sourceTree = "<group>";
		};
		EE1343E5810D22B56DC7D5D4 /* Frameworks */ = {
			isa = PBXGroup;
			children = (
				5B023ECC317443140216ACDA /* Pods_iOSTraining_Login.framework */,
				7F6C306ED10F5BCCE4C01852 /* Pods_iOSTraining_Login_iOSTraining_LoginUITests.framework */,
				4D5F2F05A8D0371842335975 /* Pods_iOSTraining_LoginTests.framework */,
			);
			name = Frameworks;
			sourceTree = "<group>";
		};
		F80DBC632C4CA8B3007AD28A /* Video */ = {
			isa = PBXGroup;
			children = (
				F80DBC5F2C4CA8AB007AD28A /* VideoListViewController.swift */,
				F80DBC602C4CA8AB007AD28A /* VideoListViewController.xib */,
				F80DBC642C4CA8D0007AD28A /* VideoList.swift */,
				F80DBC692C4CDA23007AD28A /* VideoUpdateViewController.swift */,
				F80DBC6A2C4CDA23007AD28A /* VideoUpdateViewController.xib */,
				F80DBC652C4CA8D0007AD28A /* VideoList.xib */,
			);
			name = Video;
			sourceTree = "<group>";
		};
		F81959E22C44D1FF0056A3B2 = {
			isa = PBXGroup;
			children = (
				F81959ED2C44D1FF0056A3B2 /* iOSTraining_Login */,
				F8195A042C44D2020056A3B2 /* iOSTraining_LoginTests */,
				F8195A0E2C44D2020056A3B2 /* iOSTraining_LoginUITests */,
				F81959EC2C44D1FF0056A3B2 /* Products */,
				12BAF133D0587F4B4201F023 /* Pods */,
				EE1343E5810D22B56DC7D5D4 /* Frameworks */,
			);
			sourceTree = "<group>";
		};
		F81959EC2C44D1FF0056A3B2 /* Products */ = {
			isa = PBXGroup;
			children = (
				F81959EB2C44D1FF0056A3B2 /* iOSTraining_Login.app */,
				F8195A012C44D2020056A3B2 /* iOSTraining_LoginTests.xctest */,
				F8195A0B2C44D2020056A3B2 /* iOSTraining_LoginUITests.xctest */,
			);
			name = Products;
			sourceTree = "<group>";
		};
		F81959ED2C44D1FF0056A3B2 /* iOSTraining_Login */ = {
			isa = PBXGroup;
			children = (
				F8195A242C44EF2B0056A3B2 /* Files */,
				F8195A6C2C460B310056A3B2 /* SignInViewController.swift */,
				F81959F42C44D1FF0056A3B2 /* Main.storyboard */,
				F81959EE2C44D1FF0056A3B2 /* AppDelegate.swift */,
				F81959F02C44D1FF0056A3B2 /* SceneDelegate.swift */,
				F8195A2A2C4520980056A3B2 /* SecondViewController.swift */,
				F80DBC632C4CA8B3007AD28A /* Video */,
				F8BB56E62C48B3130008DACA /* Teacher */,
				F8BB56E52C48B2FD0008DACA /* Product */,
				F8BB56E42C48B2EB0008DACA /* Settings */,
				F8BB56DC2C48AA570008DACA /* CustomTabBarController.swift */,
				F87C8C182C49FE7C00AD883F /* APIHelper.swift */,
			);
			path = iOSTraining_Login;
			sourceTree = "<group>";
		};
		F8195A042C44D2020056A3B2 /* iOSTraining_LoginTests */ = {
			isa = PBXGroup;
			children = (
				F8195A052C44D2020056A3B2 /* iOSTraining_LoginTests.swift */,
			);
			path = iOSTraining_LoginTests;
			sourceTree = "<group>";
		};
		F8195A0E2C44D2020056A3B2 /* iOSTraining_LoginUITests */ = {
			isa = PBXGroup;
			children = (
				F8195A0F2C44D2020056A3B2 /* iOSTraining_LoginUITests.swift */,
				F8195A112C44D2020056A3B2 /* iOSTraining_LoginUITestsLaunchTests.swift */,
			);
			path = iOSTraining_LoginUITests;
			sourceTree = "<group>";
		};
		F8195A242C44EF2B0056A3B2 /* Files */ = {
			isa = PBXGroup;
			children = (
				F81959F72C44D2010056A3B2 /* Assets.xcassets */,
				F81959F92C44D2010056A3B2 /* LaunchScreen.storyboard */,
				F8BB56E72C48C2610008DACA /* login-photo.jpg */,
				F8BB56BC2C466E3C0008DACA /* pfp.png */,
				F8BB56C02C4670370008DACA /* angelina.png */,
				F8BB56E92C48D7DD0008DACA /* newspaper.jpg */,
				F8BB56BF2C4670370008DACA /* depp.png */,
				F8BB56C62C46706C0008DACA /* john.png */,
				F8BB56BE2C4670370008DACA /* jane.png */,
				F8BB56D42C4761730008DACA /* jake.png */,
				F8BB56C12C4670370008DACA /* penny.png */,
				F8BB56BB2C466D760008DACA /* fox.webp */,
				F8195A252C44EF490056A3B2 /* b976dd5cb325d8d0108bf8ec73efa0b0.jpg */,
				F8BB56D62C47617F0008DACA /* iceking.png */,
				F81959FC2C44D2010056A3B2 /* Info.plist */,
			);
			name = Files;
			sourceTree = "<group>";
		};
		F8BB56E42C48B2EB0008DACA /* Settings */ = {
			isa = PBXGroup;
			children = (
				F8BB56E02C48AAB20008DACA /* SettingsViewController.swift */,
				F8BB56E12C48AAB20008DACA /* SettingsViewController.xib */,
				F8BB56EB2C48F5470008DACA /* SettingsTableViewCell.swift */,
				F8BB56EC2C48F5470008DACA /* SettingsTableViewCell.xib */,
			);
			name = Settings;
			sourceTree = "<group>";
		};
		F8BB56E52C48B2FD0008DACA /* Product */ = {
			isa = PBXGroup;
			children = (
				F87C8C262C4A06EF00AD883F /* ProductsViewController.swift */,
				F87C8C242C4A06E700AD883F /* ProductsViewController.xib */,
				F87C8C202C4A046900AD883F /* ProductsViewModel.swift */,
				F8BB56D02C4759E60008DACA /* ProductCell.swift */,
				F8BB56D12C4759E60008DACA /* ProductCell.xib */,
				F8BB56D82C479E820008DACA /* ProductDetailsViewController.swift */,
				F8BB56D92C479E820008DACA /* ProductDetailsViewController.xib */,
			);
			name = Product;
			sourceTree = "<group>";
		};
		F8BB56E62C48B3130008DACA /* Teacher */ = {
			isa = PBXGroup;
			children = (
				F8BB56B72C465FDD0008DACA /* TeacherDetailsViewController.swift */,
				F8BB56B82C465FDD0008DACA /* TeacherDetailsViewController.xib */,
				F8195A682C4609AD0056A3B2 /* TeacherListViewController.swift */,
				F8195A692C4609AD0056A3B2 /* TeacherListViewController.xib */,
				F8BB56AF2C46139E0008DACA /* TeacherCell.swift */,
				F8BB56B02C46139E0008DACA /* TeacherCell.xib */,
			);
			name = Teacher;
			sourceTree = "<group>";
		};
/* End PBXGroup section */

/* Begin PBXNativeTarget section */
		F81959EA2C44D1FF0056A3B2 /* iOSTraining_Login */ = {
			isa = PBXNativeTarget;
			buildConfigurationList = F8195A152C44D2020056A3B2 /* Build configuration list for PBXNativeTarget "iOSTraining_Login" */;
			buildPhases = (
				B5818BBC15DC7AC9D0954DE3 /* [CP] Check Pods Manifest.lock */,
				F81959E72C44D1FF0056A3B2 /* Sources */,
				F81959E82C44D1FF0056A3B2 /* Frameworks */,
				F81959E92C44D1FF0056A3B2 /* Resources */,
				6EDFDABBBB13F8CB9197987E /* [CP] Embed Pods Frameworks */,
			);
			buildRules = (
			);
			dependencies = (
			);
			name = iOSTraining_Login;
			productName = iOSTraining_Login;
			productReference = F81959EB2C44D1FF0056A3B2 /* iOSTraining_Login.app */;
			productType = "com.apple.product-type.application";
		};
		F8195A002C44D2020056A3B2 /* iOSTraining_LoginTests */ = {
			isa = PBXNativeTarget;
			buildConfigurationList = F8195A182C44D2020056A3B2 /* Build configuration list for PBXNativeTarget "iOSTraining_LoginTests" */;
			buildPhases = (
				3C1D036FC30D317871E33AFC /* [CP] Check Pods Manifest.lock */,
				F81959FD2C44D2020056A3B2 /* Sources */,
				F81959FE2C44D2020056A3B2 /* Frameworks */,
				F81959FF2C44D2020056A3B2 /* Resources */,
			);
			buildRules = (
			);
			dependencies = (
				F8195A032C44D2020056A3B2 /* PBXTargetDependency */,
			);
			name = iOSTraining_LoginTests;
			productName = iOSTraining_LoginTests;
			productReference = F8195A012C44D2020056A3B2 /* iOSTraining_LoginTests.xctest */;
			productType = "com.apple.product-type.bundle.unit-test";
		};
		F8195A0A2C44D2020056A3B2 /* iOSTraining_LoginUITests */ = {
			isa = PBXNativeTarget;
			buildConfigurationList = F8195A1B2C44D2020056A3B2 /* Build configuration list for PBXNativeTarget "iOSTraining_LoginUITests" */;
			buildPhases = (
				141C117E10975876949E8BD6 /* [CP] Check Pods Manifest.lock */,
				F8195A072C44D2020056A3B2 /* Sources */,
				F8195A082C44D2020056A3B2 /* Frameworks */,
				F8195A092C44D2020056A3B2 /* Resources */,
				6A794C96B2A3555DDB6DBFD9 /* [CP] Embed Pods Frameworks */,
			);
			buildRules = (
			);
			dependencies = (
				F8195A0D2C44D2020056A3B2 /* PBXTargetDependency */,
			);
			name = iOSTraining_LoginUITests;
			productName = iOSTraining_LoginUITests;
			productReference = F8195A0B2C44D2020056A3B2 /* iOSTraining_LoginUITests.xctest */;
			productType = "com.apple.product-type.bundle.ui-testing";
		};
/* End PBXNativeTarget section */

/* Begin PBXProject section */
		F81959E32C44D1FF0056A3B2 /* Project object */ = {
			isa = PBXProject;
			attributes = {
				BuildIndependentTargetsInParallel = 1;
				LastSwiftUpdateCheck = 1540;
				LastUpgradeCheck = 1540;
				TargetAttributes = {
					F81959EA2C44D1FF0056A3B2 = {
						CreatedOnToolsVersion = 15.4;
					};
					F8195A002C44D2020056A3B2 = {
						CreatedOnToolsVersion = 15.4;
						TestTargetID = F81959EA2C44D1FF0056A3B2;
					};
					F8195A0A2C44D2020056A3B2 = {
						CreatedOnToolsVersion = 15.4;
						TestTargetID = F81959EA2C44D1FF0056A3B2;
					};
				};
			};
			buildConfigurationList = F81959E62C44D1FF0056A3B2 /* Build configuration list for PBXProject "iOSTraining_Login" */;
			compatibilityVersion = "Xcode 14.0";
			developmentRegion = en;
			hasScannedForEncodings = 0;
			knownRegions = (
				en,
				Base,
			);
			mainGroup = F81959E22C44D1FF0056A3B2;
			productRefGroup = F81959EC2C44D1FF0056A3B2 /* Products */;
			projectDirPath = "";
			projectRoot = "";
			targets = (
				F81959EA2C44D1FF0056A3B2 /* iOSTraining_Login */,
				F8195A002C44D2020056A3B2 /* iOSTraining_LoginTests */,
				F8195A0A2C44D2020056A3B2 /* iOSTraining_LoginUITests */,
			);
		};
/* End PBXProject section */

/* Begin PBXResourcesBuildPhase section */
		F81959E92C44D1FF0056A3B2 /* Resources */ = {
			isa = PBXResourcesBuildPhase;
			buildActionMask = 2147483647;
			files = (
				F8BB56ED2C48F5470008DACA /* SettingsTableViewCell.xib in Resources */,
				F8195A6B2C4609AD0056A3B2 /* TeacherListViewController.xib in Resources */,
				F8BB56E22C48AAB30008DACA /* SettingsViewController.xib in Resources */,
				F8BB56C22C4670370008DACA /* jane.png in Resources */,
				F87C8C252C4A06E700AD883F /* ProductsViewController.xib in Resources */,
				F8BB56C72C46706C0008DACA /* john.png in Resources */,
				F8BB56C32C4670370008DACA /* depp.png in Resources */,
				F8BB56EA2C48D7DD0008DACA /* newspaper.jpg in Resources */,
				F80DBC662C4CA8D0007AD28A /* VideoList.xib in Resources */,
				F81959F82C44D2010056A3B2 /* Assets.xcassets in Resources */,
				F8BB56C42C4670370008DACA /* angelina.png in Resources */,
				F8BB56BD2C466E3C0008DACA /* pfp.png in Resources */,
				F8BB56E82C48C2610008DACA /* login-photo.jpg in Resources */,
				F8BB56B92C465FDD0008DACA /* TeacherDetailsViewController.xib in Resources */,
				F8BB56D72C47617F0008DACA /* iceking.png in Resources */,
				F80DBC6B2C4CDA23007AD28A /* VideoUpdateViewController.xib in Resources */,
				F8BB56C52C4670370008DACA /* penny.png in Resources */,
				F8BB56D22C4759E60008DACA /* ProductCell.xib in Resources */,
				F8BB56D52C4761730008DACA /* jake.png in Resources */,
				F8BB56B12C46139E0008DACA /* TeacherCell.xib in Resources */,
				F80DBC612C4CA8AB007AD28A /* VideoListViewController.xib in Resources */,
				F81959FB2C44D2010056A3B2 /* Base in Resources */,
				F81959F62C44D1FF0056A3B2 /* Base in Resources */,
				F8BB56DA2C479E820008DACA /* ProductDetailsViewController.xib in Resources */,
			);
			runOnlyForDeploymentPostprocessing = 0;
		};
		F81959FF2C44D2020056A3B2 /* Resources */ = {
			isa = PBXResourcesBuildPhase;
			buildActionMask = 2147483647;
			files = (
			);
			runOnlyForDeploymentPostprocessing = 0;
		};
		F8195A092C44D2020056A3B2 /* Resources */ = {
			isa = PBXResourcesBuildPhase;
			buildActionMask = 2147483647;
			files = (
			);
			runOnlyForDeploymentPostprocessing = 0;
		};
/* End PBXResourcesBuildPhase section */

/* Begin PBXShellScriptBuildPhase section */
		141C117E10975876949E8BD6 /* [CP] Check Pods Manifest.lock */ = {
			isa = PBXShellScriptBuildPhase;
			buildActionMask = 2147483647;
			files = (
			);
			inputFileListPaths = (
			);
			inputPaths = (
				"${PODS_PODFILE_DIR_PATH}/Podfile.lock",
				"${PODS_ROOT}/Manifest.lock",
			);
			name = "[CP] Check Pods Manifest.lock";
			outputFileListPaths = (
			);
			outputPaths = (
				"$(DERIVED_FILE_DIR)/Pods-iOSTraining_Login-iOSTraining_LoginUITests-checkManifestLockResult.txt",
			);
			runOnlyForDeploymentPostprocessing = 0;
			shellPath = /bin/sh;
			shellScript = "diff \"${PODS_PODFILE_DIR_PATH}/Podfile.lock\" \"${PODS_ROOT}/Manifest.lock\" > /dev/null\nif [ $? != 0 ] ; then\n    # print error to STDERR\n    echo \"error: The sandbox is not in sync with the Podfile.lock. Run 'pod install' or update your CocoaPods installation.\" >&2\n    exit 1\nfi\n# This output is used by Xcode 'outputs' to avoid re-running this script phase.\necho \"SUCCESS\" > \"${SCRIPT_OUTPUT_FILE_0}\"\n";
			showEnvVarsInLog = 0;
		};
		3C1D036FC30D317871E33AFC /* [CP] Check Pods Manifest.lock */ = {
			isa = PBXShellScriptBuildPhase;
			buildActionMask = 2147483647;
			files = (
			);
			inputFileListPaths = (
			);
			inputPaths = (
				"${PODS_PODFILE_DIR_PATH}/Podfile.lock",
				"${PODS_ROOT}/Manifest.lock",
			);
			name = "[CP] Check Pods Manifest.lock";
			outputFileListPaths = (
			);
			outputPaths = (
				"$(DERIVED_FILE_DIR)/Pods-iOSTraining_LoginTests-checkManifestLockResult.txt",
			);
			runOnlyForDeploymentPostprocessing = 0;
			shellPath = /bin/sh;
			shellScript = "diff \"${PODS_PODFILE_DIR_PATH}/Podfile.lock\" \"${PODS_ROOT}/Manifest.lock\" > /dev/null\nif [ $? != 0 ] ; then\n    # print error to STDERR\n    echo \"error: The sandbox is not in sync with the Podfile.lock. Run 'pod install' or update your CocoaPods installation.\" >&2\n    exit 1\nfi\n# This output is used by Xcode 'outputs' to avoid re-running this script phase.\necho \"SUCCESS\" > \"${SCRIPT_OUTPUT_FILE_0}\"\n";
			showEnvVarsInLog = 0;
		};
		6A794C96B2A3555DDB6DBFD9 /* [CP] Embed Pods Frameworks */ = {
			isa = PBXShellScriptBuildPhase;
			buildActionMask = 2147483647;
			files = (
			);
			inputFileListPaths = (
				"${PODS_ROOT}/Target Support Files/Pods-iOSTraining_Login-iOSTraining_LoginUITests/Pods-iOSTraining_Login-iOSTraining_LoginUITests-frameworks-${CONFIGURATION}-input-files.xcfilelist",
			);
			name = "[CP] Embed Pods Frameworks";
			outputFileListPaths = (
				"${PODS_ROOT}/Target Support Files/Pods-iOSTraining_Login-iOSTraining_LoginUITests/Pods-iOSTraining_Login-iOSTraining_LoginUITests-frameworks-${CONFIGURATION}-output-files.xcfilelist",
			);
			runOnlyForDeploymentPostprocessing = 0;
			shellPath = /bin/sh;
			shellScript = "\"${PODS_ROOT}/Target Support Files/Pods-iOSTraining_Login-iOSTraining_LoginUITests/Pods-iOSTraining_Login-iOSTraining_LoginUITests-frameworks.sh\"\n";
			showEnvVarsInLog = 0;
		};
		6EDFDABBBB13F8CB9197987E /* [CP] Embed Pods Frameworks */ = {
			isa = PBXShellScriptBuildPhase;
			buildActionMask = 2147483647;
			files = (
			);
			inputFileListPaths = (
				"${PODS_ROOT}/Target Support Files/Pods-iOSTraining_Login/Pods-iOSTraining_Login-frameworks-${CONFIGURATION}-input-files.xcfilelist",
			);
			name = "[CP] Embed Pods Frameworks";
			outputFileListPaths = (
				"${PODS_ROOT}/Target Support Files/Pods-iOSTraining_Login/Pods-iOSTraining_Login-frameworks-${CONFIGURATION}-output-files.xcfilelist",
			);
			runOnlyForDeploymentPostprocessing = 0;
			shellPath = /bin/sh;
			shellScript = "\"${PODS_ROOT}/Target Support Files/Pods-iOSTraining_Login/Pods-iOSTraining_Login-frameworks.sh\"\n";
			showEnvVarsInLog = 0;
		};
		B5818BBC15DC7AC9D0954DE3 /* [CP] Check Pods Manifest.lock */ = {
			isa = PBXShellScriptBuildPhase;
			buildActionMask = 2147483647;
			files = (
			);
			inputFileListPaths = (
			);
			inputPaths = (
				"${PODS_PODFILE_DIR_PATH}/Podfile.lock",
				"${PODS_ROOT}/Manifest.lock",
			);
			name = "[CP] Check Pods Manifest.lock";
			outputFileListPaths = (
			);
			outputPaths = (
				"$(DERIVED_FILE_DIR)/Pods-iOSTraining_Login-checkManifestLockResult.txt",
			);
			runOnlyForDeploymentPostprocessing = 0;
			shellPath = /bin/sh;
			shellScript = "diff \"${PODS_PODFILE_DIR_PATH}/Podfile.lock\" \"${PODS_ROOT}/Manifest.lock\" > /dev/null\nif [ $? != 0 ] ; then\n    # print error to STDERR\n    echo \"error: The sandbox is not in sync with the Podfile.lock. Run 'pod install' or update your CocoaPods installation.\" >&2\n    exit 1\nfi\n# This output is used by Xcode 'outputs' to avoid re-running this script phase.\necho \"SUCCESS\" > \"${SCRIPT_OUTPUT_FILE_0}\"\n";
			showEnvVarsInLog = 0;
		};
/* End PBXShellScriptBuildPhase section */

/* Begin PBXSourcesBuildPhase section */
		F81959E72C44D1FF0056A3B2 /* Sources */ = {
			isa = PBXSourcesBuildPhase;
			buildActionMask = 2147483647;
			files = (
				F87C8C192C49FE7C00AD883F /* APIHelper.swift in Sources */,
				F8195A2B2C4520980056A3B2 /* SecondViewController.swift in Sources */,
				F8195A6A2C4609AD0056A3B2 /* TeacherListViewController.swift in Sources */,
				F87C8C212C4A046900AD883F /* ProductsViewModel.swift in Sources */,
				F8BB56DB2C479E820008DACA /* ProductDetailsViewController.swift in Sources */,
				F8195A6D2C460B310056A3B2 /* SignInViewController.swift in Sources */,
				F8BB56EE2C48F5470008DACA /* SettingsTableViewCell.swift in Sources */,
				F8BB56DF2C48AA570008DACA /* CustomTabBarController.swift in Sources */,
				F81959EF2C44D1FF0056A3B2 /* AppDelegate.swift in Sources */,
				F87C8C272C4A06EF00AD883F /* ProductsViewController.swift in Sources */,
				F80DBC622C4CA8AB007AD28A /* VideoListViewController.swift in Sources */,
				F80DBC672C4CA8D0007AD28A /* VideoList.swift in Sources */,
				F8BB56B22C46139E0008DACA /* TeacherCell.swift in Sources */,
				F8BB56D32C4759E60008DACA /* ProductCell.swift in Sources */,
				F81959F12C44D1FF0056A3B2 /* SceneDelegate.swift in Sources */,
				F8BB56BA2C465FDD0008DACA /* TeacherDetailsViewController.swift in Sources */,
				F8BB56E32C48AAB30008DACA /* SettingsViewController.swift in Sources */,
				F80DBC6C2C4CDA23007AD28A /* VideoUpdateViewController.swift in Sources */,
			);
			runOnlyForDeploymentPostprocessing = 0;
		};
		F81959FD2C44D2020056A3B2 /* Sources */ = {
			isa = PBXSourcesBuildPhase;
			buildActionMask = 2147483647;
			files = (
				F8195A062C44D2020056A3B2 /* iOSTraining_LoginTests.swift in Sources */,
			);
			runOnlyForDeploymentPostprocessing = 0;
		};
		F8195A072C44D2020056A3B2 /* Sources */ = {
			isa = PBXSourcesBuildPhase;
			buildActionMask = 2147483647;
			files = (
				F8195A122C44D2020056A3B2 /* iOSTraining_LoginUITestsLaunchTests.swift in Sources */,
				F8195A102C44D2020056A3B2 /* iOSTraining_LoginUITests.swift in Sources */,
			);
			runOnlyForDeploymentPostprocessing = 0;
		};
/* End PBXSourcesBuildPhase section */

/* Begin PBXTargetDependency section */
		F8195A032C44D2020056A3B2 /* PBXTargetDependency */ = {
			isa = PBXTargetDependency;
			target = F81959EA2C44D1FF0056A3B2 /* iOSTraining_Login */;
			targetProxy = F8195A022C44D2020056A3B2 /* PBXContainerItemProxy */;
		};
		F8195A0D2C44D2020056A3B2 /* PBXTargetDependency */ = {
			isa = PBXTargetDependency;
			target = F81959EA2C44D1FF0056A3B2 /* iOSTraining_Login */;
			targetProxy = F8195A0C2C44D2020056A3B2 /* PBXContainerItemProxy */;
		};
/* End PBXTargetDependency section */

/* Begin PBXVariantGroup section */
		F81959F42C44D1FF0056A3B2 /* Main.storyboard */ = {
			isa = PBXVariantGroup;
			children = (
				F81959F52C44D1FF0056A3B2 /* Base */,
			);
			name = Main.storyboard;
			sourceTree = "<group>";
		};
		F81959F92C44D2010056A3B2 /* LaunchScreen.storyboard */ = {
			isa = PBXVariantGroup;
			children = (
				F81959FA2C44D2010056A3B2 /* Base */,
			);
			name = LaunchScreen.storyboard;
			sourceTree = "<group>";
		};
/* End PBXVariantGroup section */

/* Begin XCBuildConfiguration section */
		F8195A132C44D2020056A3B2 /* Debug */ = {
			isa = XCBuildConfiguration;
			buildSettings = {
				ALWAYS_SEARCH_USER_PATHS = NO;
				ASSETCATALOG_COMPILER_GENERATE_SWIFT_ASSET_SYMBOL_EXTENSIONS = YES;
				CLANG_ANALYZER_NONNULL = YES;
				CLANG_ANALYZER_NUMBER_OBJECT_CONVERSION = YES_AGGRESSIVE;
				CLANG_CXX_LANGUAGE_STANDARD = "gnu++20";
				CLANG_ENABLE_MODULES = YES;
				CLANG_ENABLE_OBJC_ARC = YES;
				CLANG_ENABLE_OBJC_WEAK = YES;
				CLANG_WARN_BLOCK_CAPTURE_AUTORELEASING = YES;
				CLANG_WARN_BOOL_CONVERSION = YES;
				CLANG_WARN_COMMA = YES;
				CLANG_WARN_CONSTANT_CONVERSION = YES;
				CLANG_WARN_DEPRECATED_OBJC_IMPLEMENTATIONS = YES;
				CLANG_WARN_DIRECT_OBJC_ISA_USAGE = YES_ERROR;
				CLANG_WARN_DOCUMENTATION_COMMENTS = YES;
				CLANG_WARN_EMPTY_BODY = YES;
				CLANG_WARN_ENUM_CONVERSION = YES;
				CLANG_WARN_INFINITE_RECURSION = YES;
				CLANG_WARN_INT_CONVERSION = YES;
				CLANG_WARN_NON_LITERAL_NULL_CONVERSION = YES;
				CLANG_WARN_OBJC_IMPLICIT_RETAIN_SELF = YES;
				CLANG_WARN_OBJC_LITERAL_CONVERSION = YES;
				CLANG_WARN_OBJC_ROOT_CLASS = YES_ERROR;
				CLANG_WARN_QUOTED_INCLUDE_IN_FRAMEWORK_HEADER = YES;
				CLANG_WARN_RANGE_LOOP_ANALYSIS = YES;
				CLANG_WARN_STRICT_PROTOTYPES = YES;
				CLANG_WARN_SUSPICIOUS_MOVE = YES;
				CLANG_WARN_UNGUARDED_AVAILABILITY = YES_AGGRESSIVE;
				CLANG_WARN_UNREACHABLE_CODE = YES;
				CLANG_WARN__DUPLICATE_METHOD_MATCH = YES;
				COPY_PHASE_STRIP = NO;
				DEBUG_INFORMATION_FORMAT = dwarf;
				ENABLE_STRICT_OBJC_MSGSEND = YES;
				ENABLE_TESTABILITY = YES;
				ENABLE_USER_SCRIPT_SANDBOXING = NO;
				GCC_C_LANGUAGE_STANDARD = gnu17;
				GCC_DYNAMIC_NO_PIC = NO;
				GCC_NO_COMMON_BLOCKS = YES;
				GCC_OPTIMIZATION_LEVEL = 0;
				GCC_PREPROCESSOR_DEFINITIONS = (
					"DEBUG=1",
					"$(inherited)",
				);
				GCC_WARN_64_TO_32_BIT_CONVERSION = YES;
				GCC_WARN_ABOUT_RETURN_TYPE = YES_ERROR;
				GCC_WARN_UNDECLARED_SELECTOR = YES;
				GCC_WARN_UNINITIALIZED_AUTOS = YES_AGGRESSIVE;
				GCC_WARN_UNUSED_FUNCTION = YES;
				GCC_WARN_UNUSED_VARIABLE = YES;
				IPHONEOS_DEPLOYMENT_TARGET = 17.5;
				LOCALIZATION_PREFERS_STRING_CATALOGS = YES;
				MTL_ENABLE_DEBUG_INFO = INCLUDE_SOURCE;
				MTL_FAST_MATH = YES;
				ONLY_ACTIVE_ARCH = YES;
				SDKROOT = iphoneos;
				SWIFT_ACTIVE_COMPILATION_CONDITIONS = "DEBUG $(inherited)";
				SWIFT_OPTIMIZATION_LEVEL = "-Onone";
			};
			name = Debug;
		};
		F8195A142C44D2020056A3B2 /* Release */ = {
			isa = XCBuildConfiguration;
			buildSettings = {
				ALWAYS_SEARCH_USER_PATHS = NO;
				ASSETCATALOG_COMPILER_GENERATE_SWIFT_ASSET_SYMBOL_EXTENSIONS = YES;
				CLANG_ANALYZER_NONNULL = YES;
				CLANG_ANALYZER_NUMBER_OBJECT_CONVERSION = YES_AGGRESSIVE;
				CLANG_CXX_LANGUAGE_STANDARD = "gnu++20";
				CLANG_ENABLE_MODULES = YES;
				CLANG_ENABLE_OBJC_ARC = YES;
				CLANG_ENABLE_OBJC_WEAK = YES;
				CLANG_WARN_BLOCK_CAPTURE_AUTORELEASING = YES;
				CLANG_WARN_BOOL_CONVERSION = YES;
				CLANG_WARN_COMMA = YES;
				CLANG_WARN_CONSTANT_CONVERSION = YES;
				CLANG_WARN_DEPRECATED_OBJC_IMPLEMENTATIONS = YES;
				CLANG_WARN_DIRECT_OBJC_ISA_USAGE = YES_ERROR;
				CLANG_WARN_DOCUMENTATION_COMMENTS = YES;
				CLANG_WARN_EMPTY_BODY = YES;
				CLANG_WARN_ENUM_CONVERSION = YES;
				CLANG_WARN_INFINITE_RECURSION = YES;
				CLANG_WARN_INT_CONVERSION = YES;
				CLANG_WARN_NON_LITERAL_NULL_CONVERSION = YES;
				CLANG_WARN_OBJC_IMPLICIT_RETAIN_SELF = YES;
				CLANG_WARN_OBJC_LITERAL_CONVERSION = YES;
				CLANG_WARN_OBJC_ROOT_CLASS = YES_ERROR;
				CLANG_WARN_QUOTED_INCLUDE_IN_FRAMEWORK_HEADER = YES;
				CLANG_WARN_RANGE_LOOP_ANALYSIS = YES;
				CLANG_WARN_STRICT_PROTOTYPES = YES;
				CLANG_WARN_SUSPICIOUS_MOVE = YES;
				CLANG_WARN_UNGUARDED_AVAILABILITY = YES_AGGRESSIVE;
				CLANG_WARN_UNREACHABLE_CODE = YES;
				CLANG_WARN__DUPLICATE_METHOD_MATCH = YES;
				COPY_PHASE_STRIP = NO;
				DEBUG_INFORMATION_FORMAT = "dwarf-with-dsym";
				ENABLE_NS_ASSERTIONS = NO;
				ENABLE_STRICT_OBJC_MSGSEND = YES;
				ENABLE_USER_SCRIPT_SANDBOXING = NO;
				GCC_C_LANGUAGE_STANDARD = gnu17;
				GCC_NO_COMMON_BLOCKS = YES;
				GCC_WARN_64_TO_32_BIT_CONVERSION = YES;
				GCC_WARN_ABOUT_RETURN_TYPE = YES_ERROR;
				GCC_WARN_UNDECLARED_SELECTOR = YES;
				GCC_WARN_UNINITIALIZED_AUTOS = YES_AGGRESSIVE;
				GCC_WARN_UNUSED_FUNCTION = YES;
				GCC_WARN_UNUSED_VARIABLE = YES;
				IPHONEOS_DEPLOYMENT_TARGET = 17.5;
				LOCALIZATION_PREFERS_STRING_CATALOGS = YES;
				MTL_ENABLE_DEBUG_INFO = NO;
				MTL_FAST_MATH = YES;
				SDKROOT = iphoneos;
				SWIFT_COMPILATION_MODE = wholemodule;
				VALIDATE_PRODUCT = YES;
			};
			name = Release;
		};
		F8195A162C44D2020056A3B2 /* Debug */ = {
			isa = XCBuildConfiguration;
			baseConfigurationReference = FD62C0BD4EAE2CAE9D95700D /* Pods-iOSTraining_Login.debug.xcconfig */;
			buildSettings = {
				ASSETCATALOG_COMPILER_APPICON_NAME = AppIcon;
				ASSETCATALOG_COMPILER_GLOBAL_ACCENT_COLOR_NAME = AccentColor;
				CODE_SIGN_STYLE = Automatic;
				CURRENT_PROJECT_VERSION = 1;
				GENERATE_INFOPLIST_FILE = YES;
				INFOPLIST_FILE = iOSTraining_Login/Info.plist;
				INFOPLIST_KEY_UIApplicationSupportsIndirectInputEvents = YES;
				INFOPLIST_KEY_UILaunchStoryboardName = LaunchScreen;
				INFOPLIST_KEY_UIMainStoryboardFile = Main;
				INFOPLIST_KEY_UISupportedInterfaceOrientations_iPad = "UIInterfaceOrientationPortrait UIInterfaceOrientationPortraitUpsideDown UIInterfaceOrientationLandscapeLeft UIInterfaceOrientationLandscapeRight";
				INFOPLIST_KEY_UISupportedInterfaceOrientations_iPhone = "UIInterfaceOrientationPortrait UIInterfaceOrientationLandscapeLeft UIInterfaceOrientationLandscapeRight";
				LD_RUNPATH_SEARCH_PATHS = (
					"$(inherited)",
					"@executable_path/Frameworks",
				);
				MARKETING_VERSION = 1.0;
				PRODUCT_BUNDLE_IDENTIFIER = "training.iOSTraining-Login";
				PRODUCT_NAME = "$(TARGET_NAME)";
				SWIFT_EMIT_LOC_STRINGS = YES;
				SWIFT_VERSION = 5.0;
				TARGETED_DEVICE_FAMILY = "1,2";
			};
			name = Debug;
		};
		F8195A172C44D2020056A3B2 /* Release */ = {
			isa = XCBuildConfiguration;
			baseConfigurationReference = C4D1B40A5CF4022BA8FC59AC /* Pods-iOSTraining_Login.release.xcconfig */;
			buildSettings = {
				ASSETCATALOG_COMPILER_APPICON_NAME = AppIcon;
				ASSETCATALOG_COMPILER_GLOBAL_ACCENT_COLOR_NAME = AccentColor;
				CODE_SIGN_STYLE = Automatic;
				CURRENT_PROJECT_VERSION = 1;
				GENERATE_INFOPLIST_FILE = YES;
				INFOPLIST_FILE = iOSTraining_Login/Info.plist;
				INFOPLIST_KEY_UIApplicationSupportsIndirectInputEvents = YES;
				INFOPLIST_KEY_UILaunchStoryboardName = LaunchScreen;
				INFOPLIST_KEY_UIMainStoryboardFile = Main;
				INFOPLIST_KEY_UISupportedInterfaceOrientations_iPad = "UIInterfaceOrientationPortrait UIInterfaceOrientationPortraitUpsideDown UIInterfaceOrientationLandscapeLeft UIInterfaceOrientationLandscapeRight";
				INFOPLIST_KEY_UISupportedInterfaceOrientations_iPhone = "UIInterfaceOrientationPortrait UIInterfaceOrientationLandscapeLeft UIInterfaceOrientationLandscapeRight";
				LD_RUNPATH_SEARCH_PATHS = (
					"$(inherited)",
					"@executable_path/Frameworks",
				);
				MARKETING_VERSION = 1.0;
				PRODUCT_BUNDLE_IDENTIFIER = "training.iOSTraining-Login";
				PRODUCT_NAME = "$(TARGET_NAME)";
				SWIFT_EMIT_LOC_STRINGS = YES;
				SWIFT_VERSION = 5.0;
				TARGETED_DEVICE_FAMILY = "1,2";
			};
			name = Release;
		};
		F8195A192C44D2020056A3B2 /* Debug */ = {
			isa = XCBuildConfiguration;
			baseConfigurationReference = EB321BAD631055EF14C73502 /* Pods-iOSTraining_LoginTests.debug.xcconfig */;
			buildSettings = {
				ALWAYS_EMBED_SWIFT_STANDARD_LIBRARIES = YES;
				BUNDLE_LOADER = "$(TEST_HOST)";
				CODE_SIGN_STYLE = Automatic;
				CURRENT_PROJECT_VERSION = 1;
				GENERATE_INFOPLIST_FILE = YES;
				IPHONEOS_DEPLOYMENT_TARGET = 17.5;
				MARKETING_VERSION = 1.0;
				PRODUCT_BUNDLE_IDENTIFIER = "training.iOSTraining-LoginTests";
				PRODUCT_NAME = "$(TARGET_NAME)";
				SWIFT_EMIT_LOC_STRINGS = NO;
				SWIFT_VERSION = 5.0;
				TARGETED_DEVICE_FAMILY = "1,2";
				TEST_HOST = "$(BUILT_PRODUCTS_DIR)/iOSTraining_Login.app/$(BUNDLE_EXECUTABLE_FOLDER_PATH)/iOSTraining_Login";
			};
			name = Debug;
		};
		F8195A1A2C44D2020056A3B2 /* Release */ = {
			isa = XCBuildConfiguration;
			baseConfigurationReference = D860F5294676CFB49A267E2A /* Pods-iOSTraining_LoginTests.release.xcconfig */;
			buildSettings = {
				ALWAYS_EMBED_SWIFT_STANDARD_LIBRARIES = YES;
				BUNDLE_LOADER = "$(TEST_HOST)";
				CODE_SIGN_STYLE = Automatic;
				CURRENT_PROJECT_VERSION = 1;
				GENERATE_INFOPLIST_FILE = YES;
				IPHONEOS_DEPLOYMENT_TARGET = 17.5;
				MARKETING_VERSION = 1.0;
				PRODUCT_BUNDLE_IDENTIFIER = "training.iOSTraining-LoginTests";
				PRODUCT_NAME = "$(TARGET_NAME)";
				SWIFT_EMIT_LOC_STRINGS = NO;
				SWIFT_VERSION = 5.0;
				TARGETED_DEVICE_FAMILY = "1,2";
				TEST_HOST = "$(BUILT_PRODUCTS_DIR)/iOSTraining_Login.app/$(BUNDLE_EXECUTABLE_FOLDER_PATH)/iOSTraining_Login";
			};
			name = Release;
		};
		F8195A1C2C44D2020056A3B2 /* Debug */ = {
			isa = XCBuildConfiguration;
			baseConfigurationReference = D597B563A2E0166DA25C9C40 /* Pods-iOSTraining_Login-iOSTraining_LoginUITests.debug.xcconfig */;
			buildSettings = {
				ALWAYS_EMBED_SWIFT_STANDARD_LIBRARIES = YES;
				CODE_SIGN_STYLE = Automatic;
				CURRENT_PROJECT_VERSION = 1;
				GENERATE_INFOPLIST_FILE = YES;
				MARKETING_VERSION = 1.0;
				PRODUCT_BUNDLE_IDENTIFIER = "training.iOSTraining-LoginUITests";
				PRODUCT_NAME = "$(TARGET_NAME)";
				SWIFT_EMIT_LOC_STRINGS = NO;
				SWIFT_VERSION = 5.0;
				TARGETED_DEVICE_FAMILY = "1,2";
				TEST_TARGET_NAME = iOSTraining_Login;
			};
			name = Debug;
		};
		F8195A1D2C44D2020056A3B2 /* Release */ = {
			isa = XCBuildConfiguration;
			baseConfigurationReference = 42D4E409764405992E4F84DB /* Pods-iOSTraining_Login-iOSTraining_LoginUITests.release.xcconfig */;
			buildSettings = {
				ALWAYS_EMBED_SWIFT_STANDARD_LIBRARIES = YES;
				CODE_SIGN_STYLE = Automatic;
				CURRENT_PROJECT_VERSION = 1;
				GENERATE_INFOPLIST_FILE = YES;
				MARKETING_VERSION = 1.0;
				PRODUCT_BUNDLE_IDENTIFIER = "training.iOSTraining-LoginUITests";
				PRODUCT_NAME = "$(TARGET_NAME)";
				SWIFT_EMIT_LOC_STRINGS = NO;
				SWIFT_VERSION = 5.0;
				TARGETED_DEVICE_FAMILY = "1,2";
				TEST_TARGET_NAME = iOSTraining_Login;
			};
			name = Release;
		};
/* End XCBuildConfiguration section */

/* Begin XCConfigurationList section */
		F81959E62C44D1FF0056A3B2 /* Build configuration list for PBXProject "iOSTraining_Login" */ = {
			isa = XCConfigurationList;
			buildConfigurations = (
				F8195A132C44D2020056A3B2 /* Debug */,
				F8195A142C44D2020056A3B2 /* Release */,
			);
			defaultConfigurationIsVisible = 0;
			defaultConfigurationName = Release;
		};
		F8195A152C44D2020056A3B2 /* Build configuration list for PBXNativeTarget "iOSTraining_Login" */ = {
			isa = XCConfigurationList;
			buildConfigurations = (
				F8195A162C44D2020056A3B2 /* Debug */,
				F8195A172C44D2020056A3B2 /* Release */,
			);
			defaultConfigurationIsVisible = 0;
			defaultConfigurationName = Release;
		};
		F8195A182C44D2020056A3B2 /* Build configuration list for PBXNativeTarget "iOSTraining_LoginTests" */ = {
			isa = XCConfigurationList;
			buildConfigurations = (
				F8195A192C44D2020056A3B2 /* Debug */,
				F8195A1A2C44D2020056A3B2 /* Release */,
			);
			defaultConfigurationIsVisible = 0;
			defaultConfigurationName = Release;
		};
		F8195A1B2C44D2020056A3B2 /* Build configuration list for PBXNativeTarget "iOSTraining_LoginUITests" */ = {
			isa = XCConfigurationList;
			buildConfigurations = (
				F8195A1C2C44D2020056A3B2 /* Debug */,
				F8195A1D2C44D2020056A3B2 /* Release */,
			);
			defaultConfigurationIsVisible = 0;
			defaultConfigurationName = Release;
		};
/* End XCConfigurationList section */
	};
	rootObject = F81959E32C44D1FF0056A3B2 /* Project object */;
}
